# THIS IS AN AUTOGENERATED FILE. DO NOT EDIT THIS FILE DIRECTLY.
# yarn lockfile v1


create-next-app@^13.2.4:
  version "13.2.4"
  resolved "https://registry.yarnpkg.com/create-next-app/-/create-next-app-13.2.4.tgz#7e9e87ee4e97605b2325a921c8137b42bd4c0bc2"
  integrity sha512-x9wJUAdVA8VNCFeSipbmDdadiL8mdzryVK0688vIC4wXNksrGRO0XftUfgb56pLY43iDEhqkYlYSNKdLHRpGhg==
